
Microsoft Visual Studio Solution File, Format Version 12.00
# Visual Studio Version 17
VisualStudioVersion = 17.9.34902.65
MinimumVisualStudioVersion = 10.0.40219.1
Project("{FAE04EC0-301F-11D3-BF4B-00C04F79EFBC}") = "WeatherConsole", "WeatherConsole\WeatherConsole.csproj", "{644BB100-2CB5-4F00-A086-FABCD08E7D66}"
EndProject
Global
	GlobalSection(SolutionConfigurationPlatforms) = preSolution
		Debug|Any CPU = Debug|Any CPU
		Release|Any CPU = Release|Any CPU
	EndGlobalSection
	GlobalSection(ProjectConfigurationPlatforms) = postSolution
		{644BB100-2CB5-4F00-A086-FABCD08E7D66}.Debug|Any CPU.ActiveCfg = Debug|Any CPU
		{644BB100-2CB5-4F00-A086-FABCD08E7D66}.Debug|Any CPU.Build.0 = Debug|Any CPU
		{644BB100-2CB5-4F00-A086-FABCD08E7D66}.Release|Any CPU.ActiveCfg = Release|Any CPU
		{644BB100-2CB5-4F00-A086-FABCD08E7D66}.Release|Any CPU.Build.0 = Release|Any CPU
	EndGlobalSection
	GlobalSection(SolutionProperties) = preSolution
		HideSolutionNode = FALSE
	EndGlobalSection
	GlobalSection(ExtensibilityGlobals) = postSolution
		SolutionGuid = {87466F1B-A994-4924-8706-2895E5335B71}
	EndGlobalSection
EndGlobal
